
Microsoft Visual Studio Solution File, Format Version 12.00
# Visual Studio Version 16
VisualStudioVersion = 16.0.30804.86
MinimumVisualStudioVersion = 10.0.40219.1
Project("{FAE04EC0-301F-11D3-BF4B-00C04F79EFBC}") = "MCClientManager", "MCClientManager\MCClientManager.csproj", "{70B72B0C-0CCF-4614-8519-E5E85AD85A1B}"
EndProject
Global
	GlobalSection(SolutionConfigurationPlatforms) = preSolution
		Debug|Any CPU = Debug|Any CPU
		Release|Any CPU = Release|Any CPU
	EndGlobalSection
	GlobalSection(ProjectConfigurationPlatforms) = postSolution
		{70B72B0C-0CCF-4614-8519-E5E85AD85A1B}.Debug|Any CPU.ActiveCfg = Debug|Any CPU
		{70B72B0C-0CCF-4614-8519-E5E85AD85A1B}.Debug|Any CPU.Build.0 = Debug|Any CPU
		{70B72B0C-0CCF-4614-8519-E5E85AD85A1B}.Release|Any CPU.ActiveCfg = Release|Any CPU
		{70B72B0C-0CCF-4614-8519-E5E85AD85A1B}.Release|Any CPU.Build.0 = Release|Any CPU
	EndGlobalSection
	GlobalSection(SolutionProperties) = preSolution
		HideSolutionNode = FALSE
	EndGlobalSection
	GlobalSection(ExtensibilityGlobals) = postSolution
		SolutionGuid = {1088AC8D-71FB-4157-B42B-0362E634E354}
	EndGlobalSection
EndGlobal
